<?xml version="1.0" encoding="utf-8"?>
<Project ToolsVersion="4.0" xmlns="http://schemas.microsoft.com/developer/msbuild/2003">
  <ItemGroup>
    <Filter Include="Fichiers sources">
      <UniqueIdentifier>{4FC737F1-C7A5-4376-A066-2A32D752A2FF}</UniqueIdentifier>
      <Extensions>cpp;c;cc;cxx;def;odl;idl;hpj;bat;asm;asmx</Extensions>
    </Filter>
    <Filter Include="Fichiers d%27en-tête">
      <UniqueIdentifier>{93995380-89BD-4b04-88EB-625FBE52EBFB}</UniqueIdentifier>
      <Extensions>h;hh;hpp;hxx;hm;inl;inc;xsd</Extensions>
    </Filter>
    <Filter Include="Fichiers de ressources">
      <UniqueIdentifier>{67DA6AB6-F800-4c08-8B7A-83BB121AAD01}</UniqueIdentifier>
      <Extensions>rc;ico;cur;bmp;dlg;rc2;rct;bin;rgs;gif;jpg;jpeg;jpe;resx;tiff;tif;png;wav;mfcribbon-ms</Extensions>
    </Filter>
    <Filter Include="Unitex-C++">
      <UniqueIdentifier>{685f609d-05dc-4f87-a9f7-179380f33087}</UniqueIdentifier>
    </Filter>
    <Filter Include="Unitex-C++\TreLib">
      <UniqueIdentifier>{537de47f-a157-4c7f-9402-cce04770ae70}</UniqueIdentifier>
    </Filter>
    <Filter Include="Unitex-C++\logger">
      <UniqueIdentifier>{187976dd-e8c7-4d23-a38c-61cc0415da7c}</UniqueIdentifier>
    </Filter>
    <Filter Include="Unitex-C++\yaml-0.1.6">
      <UniqueIdentifier>{238076c6-2429-4e2b-91e0-44a1970e1e42}</UniqueIdentifier>
    </Filter>
    <Filter Include="Unitex-C++\yaml-0.1.6\src">
      <UniqueIdentifier>{60bd2d92-b439-4e04-b1fd-08d9063c7970}</UniqueIdentifier>
    </Filter>
  </ItemGroup>
  <ItemGroup>
    <ClInclude Include="UnitexNet.h">
      <Filter>Fichiers d%27en-tête</Filter>
    </ClInclude>
    <ClInclude Include="Stdafx.h">
      <Filter>Fichiers d%27en-tête</Filter>
    </ClInclude>
    <ClInclude Include="resource.h">
      <Filter>Fichiers d%27en-tête</Filter>
    </ClInclude>
    <ClInclude Include="clix.h">
      <Filter>Fichiers d%27en-tête</Filter>
    </ClInclude>
    <ClInclude Include="..\DumpOffsets.h">
      <Filter>Unitex-C++</Filter>
    </ClInclude>
    <ClInclude Include="..\logger\InstallLingResourcePackage.h">
      <Filter>Unitex-C++\logger</Filter>
    </ClInclude>
    <ClInclude Include="..\logger\LingResourcePackage.h">
      <Filter>Unitex-C++\logger</Filter>
    </ClInclude>
    <ClInclude Include="..\logger\RunTools.h">
      <Filter>Unitex-C++\logger</Filter>
    </ClInclude>
    <ClInclude Include="..\logger\UniRunScript.h">
      <Filter>Unitex-C++\logger</Filter>
    </ClInclude>
    <ClInclude Include="..\yaml-0.1.6\src\yaml_private.h">
      <Filter>Unitex-C++\yaml-0.1.6\src</Filter>
    </ClInclude>
    <ClInclude Include="..\PersistResource.h">
      <Filter>Unitex-C++</Filter>
    </ClInclude>
  </ItemGroup>
  <ItemGroup>
    <ClCompile Include="..\AbstractAllocator.cpp">
      <Filter>Unitex-C++</Filter>
    </ClCompile>
    <ClCompile Include="..\AbstractDelaLoad.cpp">
      <Filter>Unitex-C++</Filter>
    </ClCompile>
    <ClCompile Include="..\AbstractFst2Load.cpp">
      <Filter>Unitex-C++</Filter>
    </ClCompile>
    <ClCompile Include="..\ActivityLogger.cpp">
      <Filter>Unitex-C++</Filter>
    </ClCompile>
    <ClCompile Include="..\Af_stdio.cpp">
      <Filter>Unitex-C++</Filter>
    </ClCompile>
    <ClCompile Include="..\Alphabet.cpp">
      <Filter>Unitex-C++</Filter>
    </ClCompile>
    <ClCompile Include="..\ApplyDic.cpp">
      <Filter>Unitex-C++</Filter>
    </ClCompile>
    <ClCompile Include="..\Arabic.cpp">
      <Filter>Unitex-C++</Filter>
    </ClCompile>
    <ClCompile Include="..\AsciiSearchTree.cpp">
      <Filter>Unitex-C++</Filter>
    </ClCompile>
    <ClCompile Include="..\AutComplementation.cpp">
      <Filter>Unitex-C++</Filter>
    </ClCompile>
    <ClCompile Include="..\AutConcat.cpp">
      <Filter>Unitex-C++</Filter>
    </ClCompile>
    <ClCompile Include="..\AutDeterminization.cpp">
      <Filter>Unitex-C++</Filter>
    </ClCompile>
    <ClCompile Include="..\AutIntersection.cpp">
      <Filter>Unitex-C++</Filter>
    </ClCompile>
    <ClCompile Include="..\AutMinimization.cpp">
      <Filter>Unitex-C++</Filter>
    </ClCompile>
    <ClCompile Include="..\AutomatonDictionary2Bin.cpp">
      <Filter>Unitex-C++</Filter>
    </ClCompile>
    <ClCompile Include="..\BitArray.cpp">
      <Filter>Unitex-C++</Filter>
    </ClCompile>
    <ClCompile Include="..\BitMasks.cpp">
      <Filter>Unitex-C++</Filter>
    </ClCompile>
    <ClCompile Include="..\Buffer.cpp">
      <Filter>Unitex-C++</Filter>
    </ClCompile>
    <ClCompile Include="..\BuildKrMwuDic.cpp">
      <Filter>Unitex-C++</Filter>
    </ClCompile>
    <ClCompile Include="..\BuildTextAutomaton.cpp">
      <Filter>Unitex-C++</Filter>
    </ClCompile>
    <ClCompile Include="..\Cassys.cpp">
      <Filter>Unitex-C++</Filter>
    </ClCompile>
    <ClCompile Include="..\Cassys_concord.cpp">
      <Filter>Unitex-C++</Filter>
    </ClCompile>
    <ClCompile Include="..\Cassys_external_program.cpp">
      <Filter>Unitex-C++</Filter>
    </ClCompile>
    <ClCompile Include="..\Cassys_io.cpp">
      <Filter>Unitex-C++</Filter>
    </ClCompile>
    <ClCompile Include="..\Cassys_lexical_tags.cpp">
      <Filter>Unitex-C++</Filter>
    </ClCompile>
    <ClCompile Include="..\Cassys_tokens.cpp">
      <Filter>Unitex-C++</Filter>
    </ClCompile>
    <ClCompile Include="..\Cassys_transducer.cpp">
      <Filter>Unitex-C++</Filter>
    </ClCompile>
    <ClCompile Include="..\Cassys_xml_output.cpp">
      <Filter>Unitex-C++</Filter>
    </ClCompile>
    <ClCompile Include="..\CheckDic.cpp">
      <Filter>Unitex-C++</Filter>
    </ClCompile>
    <ClCompile Include="..\CodePages.cpp">
      <Filter>Unitex-C++</Filter>
    </ClCompile>
    <ClCompile Include="..\CompoundWordHashTable.cpp">
      <Filter>Unitex-C++</Filter>
    </ClCompile>
    <ClCompile Include="..\CompoundWordTree.cpp">
      <Filter>Unitex-C++</Filter>
    </ClCompile>
    <ClCompile Include="..\Compress.cpp">
      <Filter>Unitex-C++</Filter>
    </ClCompile>
    <ClCompile Include="..\CompressedDic.cpp">
      <Filter>Unitex-C++</Filter>
    </ClCompile>
    <ClCompile Include="..\Concord.cpp">
      <Filter>Unitex-C++</Filter>
    </ClCompile>
    <ClCompile Include="..\Concordance.cpp">
      <Filter>Unitex-C++</Filter>
    </ClCompile>
    <ClCompile Include="..\ConcorDiff.cpp">
      <Filter>Unitex-C++</Filter>
    </ClCompile>
    <ClCompile Include="..\Contexts.cpp">
      <Filter>Unitex-C++</Filter>
    </ClCompile>
    <ClCompile Include="..\Convert.cpp">
      <Filter>Unitex-C++</Filter>
    </ClCompile>
    <ClCompile Include="..\DebugMode.cpp">
      <Filter>Unitex-C++</Filter>
    </ClCompile>
    <ClCompile Include="..\DELA.cpp">
      <Filter>Unitex-C++</Filter>
    </ClCompile>
    <ClCompile Include="..\DELA_tree.cpp">
      <Filter>Unitex-C++</Filter>
    </ClCompile>
    <ClCompile Include="..\Dico.cpp">
      <Filter>Unitex-C++</Filter>
    </ClCompile>
    <ClCompile Include="..\DictionaryTree.cpp">
      <Filter>Unitex-C++</Filter>
    </ClCompile>
    <ClCompile Include="..\DicVariables.cpp">
      <Filter>Unitex-C++</Filter>
    </ClCompile>
    <ClCompile Include="..\Diff.cpp">
      <Filter>Unitex-C++</Filter>
    </ClCompile>
    <ClCompile Include="..\DirHelperWin.cpp">
      <Filter>Unitex-C++</Filter>
    </ClCompile>
    <ClCompile Include="..\DuplicateFile.cpp">
      <Filter>Unitex-C++</Filter>
    </ClCompile>
    <ClCompile Include="..\DutchCompounds.cpp">
      <Filter>Unitex-C++</Filter>
    </ClCompile>
    <ClCompile Include="..\Elag.cpp">
      <Filter>Unitex-C++</Filter>
    </ClCompile>
    <ClCompile Include="..\ElagComp.cpp">
      <Filter>Unitex-C++</Filter>
    </ClCompile>
    <ClCompile Include="..\ElagDebug.cpp">
      <Filter>Unitex-C++</Filter>
    </ClCompile>
    <ClCompile Include="..\ElagFstFilesIO.cpp">
      <Filter>Unitex-C++</Filter>
    </ClCompile>
    <ClCompile Include="..\ElagFunctions.cpp">
      <Filter>Unitex-C++</Filter>
    </ClCompile>
    <ClCompile Include="..\ElagRulesCompilation.cpp">
      <Filter>Unitex-C++</Filter>
    </ClCompile>
    <ClCompile Include="..\ElagStateSet.cpp">
      <Filter>Unitex-C++</Filter>
    </ClCompile>
    <ClCompile Include="..\Error.cpp">
      <Filter>Unitex-C++</Filter>
    </ClCompile>
    <ClCompile Include="..\Evamb.cpp">
      <Filter>Unitex-C++</Filter>
    </ClCompile>
    <ClCompile Include="..\Extract.cpp">
      <Filter>Unitex-C++</Filter>
    </ClCompile>
    <ClCompile Include="..\ExtractUnits.cpp">
      <Filter>Unitex-C++</Filter>
    </ClCompile>
    <ClCompile Include="..\FIFO.cpp">
      <Filter>Unitex-C++</Filter>
    </ClCompile>
    <ClCompile Include="..\File.cpp">
      <Filter>Unitex-C++</Filter>
    </ClCompile>
    <ClCompile Include="..\Flatten.cpp">
      <Filter>Unitex-C++</Filter>
    </ClCompile>
    <ClCompile Include="..\FlattenFst2.cpp">
      <Filter>Unitex-C++</Filter>
    </ClCompile>
    <ClCompile Include="..\Fst2.cpp">
      <Filter>Unitex-C++</Filter>
    </ClCompile>
    <ClCompile Include="..\Fst2Automaton.cpp">
      <Filter>Unitex-C++</Filter>
    </ClCompile>
    <ClCompile Include="..\Fst2Check.cpp">
      <Filter>Unitex-C++</Filter>
    </ClCompile>
    <ClCompile Include="..\Fst2Check_lib.cpp">
      <Filter>Unitex-C++</Filter>
    </ClCompile>
    <ClCompile Include="..\Fst2List.cpp">
      <Filter>Unitex-C++</Filter>
    </ClCompile>
    <ClCompile Include="..\Fst2Txt.cpp">
      <Filter>Unitex-C++</Filter>
    </ClCompile>
    <ClCompile Include="..\Fst2Txt_TokenTree.cpp">
      <Filter>Unitex-C++</Filter>
    </ClCompile>
    <ClCompile Include="..\Fst2TxtAsRoutine.cpp">
      <Filter>Unitex-C++</Filter>
    </ClCompile>
    <ClCompile Include="..\GeneralDerivation.cpp">
      <Filter>Unitex-C++</Filter>
    </ClCompile>
    <ClCompile Include="..\GermanCompounds.cpp">
      <Filter>Unitex-C++</Filter>
    </ClCompile>
    <ClCompile Include="..\Grf_lib.cpp">
      <Filter>Unitex-C++</Filter>
    </ClCompile>
    <ClCompile Include="..\Grf2Fst2.cpp">
      <Filter>Unitex-C++</Filter>
    </ClCompile>
    <ClCompile Include="..\Grf2Fst2_lib.cpp">
      <Filter>Unitex-C++</Filter>
    </ClCompile>
    <ClCompile Include="..\GrfBeauty.cpp">
      <Filter>Unitex-C++</Filter>
    </ClCompile>
    <ClCompile Include="..\GrfDiff.cpp">
      <Filter>Unitex-C++</Filter>
    </ClCompile>
    <ClCompile Include="..\GrfDiff3.cpp">
      <Filter>Unitex-C++</Filter>
    </ClCompile>
    <ClCompile Include="..\GrfSvn_lib.cpp">
      <Filter>Unitex-C++</Filter>
    </ClCompile>
    <ClCompile Include="..\GrfTest.cpp">
      <Filter>Unitex-C++</Filter>
    </ClCompile>
    <ClCompile Include="..\GrfTest_lib.cpp">
      <Filter>Unitex-C++</Filter>
    </ClCompile>
    <ClCompile Include="..\HashTable.cpp">
      <Filter>Unitex-C++</Filter>
    </ClCompile>
    <ClCompile Include="..\HTMLCharacters.cpp">
      <Filter>Unitex-C++</Filter>
    </ClCompile>
    <ClCompile Include="..\ImplodeTfst.cpp">
      <Filter>Unitex-C++</Filter>
    </ClCompile>
    <ClCompile Include="..\IOBuffer.cpp">
      <Filter>Unitex-C++</Filter>
    </ClCompile>
    <ClCompile Include="..\Keyboard.cpp">
      <Filter>Unitex-C++</Filter>
    </ClCompile>
    <ClCompile Include="..\KeyWords.cpp">
      <Filter>Unitex-C++</Filter>
    </ClCompile>
    <ClCompile Include="..\KeyWords_lib.cpp">
      <Filter>Unitex-C++</Filter>
    </ClCompile>
    <ClCompile Include="..\Korean.cpp">
      <Filter>Unitex-C++</Filter>
    </ClCompile>
    <ClCompile Include="..\KrMwuDic.cpp">
      <Filter>Unitex-C++</Filter>
    </ClCompile>
    <ClCompile Include="..\LanguageDefinition.cpp">
      <Filter>Unitex-C++</Filter>
    </ClCompile>
    <ClCompile Include="..\LemmaTree.cpp">
      <Filter>Unitex-C++</Filter>
    </ClCompile>
    <ClCompile Include="..\LinearAutomaton2Txt.cpp">
      <Filter>Unitex-C++</Filter>
    </ClCompile>
    <ClCompile Include="..\List_int.cpp">
      <Filter>Unitex-C++</Filter>
    </ClCompile>
    <ClCompile Include="..\List_pointer.cpp">
      <Filter>Unitex-C++</Filter>
    </ClCompile>
    <ClCompile Include="..\List_ustring.cpp">
      <Filter>Unitex-C++</Filter>
    </ClCompile>
    <ClCompile Include="..\LoadInf.cpp">
      <Filter>Unitex-C++</Filter>
    </ClCompile>
    <ClCompile Include="..\Locate.cpp">
      <Filter>Unitex-C++</Filter>
    </ClCompile>
    <ClCompile Include="..\LocateCache.cpp">
      <Filter>Unitex-C++</Filter>
    </ClCompile>
    <ClCompile Include="..\LocateFst2Tags.cpp">
      <Filter>Unitex-C++</Filter>
    </ClCompile>
    <ClCompile Include="..\LocateMatches.cpp">
      <Filter>Unitex-C++</Filter>
    </ClCompile>
    <ClCompile Include="..\LocatePattern.cpp">
      <Filter>Unitex-C++</Filter>
    </ClCompile>
    <ClCompile Include="..\LocateTfst.cpp">
      <Filter>Unitex-C++</Filter>
    </ClCompile>
    <ClCompile Include="..\LocateTfst_lib.cpp">
      <Filter>Unitex-C++</Filter>
    </ClCompile>
    <ClCompile Include="..\LocateTfstMatches.cpp">
      <Filter>Unitex-C++</Filter>
    </ClCompile>
    <ClCompile Include="..\LocateTrace.cpp">
      <Filter>Unitex-C++</Filter>
    </ClCompile>
    <ClCompile Include="..\MappedFileHelperWin.cpp">
      <Filter>Unitex-C++</Filter>
    </ClCompile>
    <ClCompile Include="..\Match.cpp">
      <Filter>Unitex-C++</Filter>
    </ClCompile>
    <ClCompile Include="..\MF_DicoMorpho.cpp">
      <Filter>Unitex-C++</Filter>
    </ClCompile>
    <ClCompile Include="..\MF_DLC_inflect.cpp">
      <Filter>Unitex-C++</Filter>
    </ClCompile>
    <ClCompile Include="..\MF_FormMorpho.cpp">
      <Filter>Unitex-C++</Filter>
    </ClCompile>
    <ClCompile Include="..\MF_Global.cpp">
      <Filter>Unitex-C++</Filter>
    </ClCompile>
    <ClCompile Include="..\MF_LangMorpho.cpp">
      <Filter>Unitex-C++</Filter>
    </ClCompile>
    <ClCompile Include="..\MF_MU_graph.cpp">
      <Filter>Unitex-C++</Filter>
    </ClCompile>
    <ClCompile Include="..\MF_MU_morpho.cpp">
      <Filter>Unitex-C++</Filter>
    </ClCompile>
    <ClCompile Include="..\MF_Operators_Util.cpp">
      <Filter>Unitex-C++</Filter>
    </ClCompile>
    <ClCompile Include="..\MF_SU_morpho.cpp">
      <Filter>Unitex-C++</Filter>
    </ClCompile>
    <ClCompile Include="..\MF_Unif.cpp">
      <Filter>Unitex-C++</Filter>
    </ClCompile>
    <ClCompile Include="..\MF_Util.cpp">
      <Filter>Unitex-C++</Filter>
    </ClCompile>
    <ClCompile Include="..\MorphologicalFilters.cpp">
      <Filter>Unitex-C++</Filter>
    </ClCompile>
    <ClCompile Include="..\MorphologicalLocate.cpp">
      <Filter>Unitex-C++</Filter>
    </ClCompile>
    <ClCompile Include="..\MultiFlex.cpp">
      <Filter>Unitex-C++</Filter>
    </ClCompile>
    <ClCompile Include="..\NewLineShifts.cpp">
      <Filter>Unitex-C++</Filter>
    </ClCompile>
    <ClCompile Include="..\NormalizationFst2.cpp">
      <Filter>Unitex-C++</Filter>
    </ClCompile>
    <ClCompile Include="..\Normalize.cpp">
      <Filter>Unitex-C++</Filter>
    </ClCompile>
    <ClCompile Include="..\NormalizeAsRoutine.cpp">
      <Filter>Unitex-C++</Filter>
    </ClCompile>
    <ClCompile Include="..\NorwegianCompounds.cpp">
      <Filter>Unitex-C++</Filter>
    </ClCompile>
    <ClCompile Include="..\Offsets.cpp">
      <Filter>Unitex-C++</Filter>
    </ClCompile>
    <ClCompile Include="..\OptimizedFst2.cpp">
      <Filter>Unitex-C++</Filter>
    </ClCompile>
    <ClCompile Include="..\OptimizedTfstTagMatching.cpp">
      <Filter>Unitex-C++</Filter>
    </ClCompile>
    <ClCompile Include="..\OutputTransductionVariables.cpp">
      <Filter>Unitex-C++</Filter>
    </ClCompile>
    <ClCompile Include="..\Overlap.cpp">
      <Filter>Unitex-C++</Filter>
    </ClCompile>
    <ClCompile Include="..\ParsingInfo.cpp">
      <Filter>Unitex-C++</Filter>
    </ClCompile>
    <ClCompile Include="..\Pattern.cpp">
      <Filter>Unitex-C++</Filter>
    </ClCompile>
    <ClCompile Include="..\PatternTree.cpp">
      <Filter>Unitex-C++</Filter>
    </ClCompile>
    <ClCompile Include="..\Persistence.cpp">
      <Filter>Unitex-C++</Filter>
    </ClCompile>
    <ClCompile Include="..\PersistenceInterface.cpp">
      <Filter>Unitex-C++</Filter>
    </ClCompile>
    <ClCompile Include="..\PolyLex.cpp">
      <Filter>Unitex-C++</Filter>
    </ClCompile>
    <ClCompile Include="..\PortugueseNormalization.cpp">
      <Filter>Unitex-C++</Filter>
    </ClCompile>
    <ClCompile Include="..\PRLG.cpp">
      <Filter>Unitex-C++</Filter>
    </ClCompile>
    <ClCompile Include="..\ProgramInvoker.cpp">
      <Filter>Unitex-C++</Filter>
    </ClCompile>
    <ClCompile Include="..\RebuildTfst.cpp">
      <Filter>Unitex-C++</Filter>
    </ClCompile>
    <ClCompile Include="..\Reconstrucao.cpp">
      <Filter>Unitex-C++</Filter>
    </ClCompile>
    <ClCompile Include="..\Reg2Grf.cpp">
      <Filter>Unitex-C++</Filter>
    </ClCompile>
    <ClCompile Include="..\RegExFacade.cpp">
      <Filter>Unitex-C++</Filter>
    </ClCompile>
    <ClCompile Include="..\RegularExpressions.cpp">
      <Filter>Unitex-C++</Filter>
    </ClCompile>
    <ClCompile Include="..\RussianCompounds.cpp">
      <Filter>Unitex-C++</Filter>
    </ClCompile>
    <ClCompile Include="..\SelectOutput.cpp">
      <Filter>Unitex-C++</Filter>
    </ClCompile>
    <ClCompile Include="..\Sentence2Grf.cpp">
      <Filter>Unitex-C++</Filter>
    </ClCompile>
    <ClCompile Include="..\Seq2Grf.cpp">
      <Filter>Unitex-C++</Filter>
    </ClCompile>
    <ClCompile Include="..\SingleGraph.cpp">
      <Filter>Unitex-C++</Filter>
    </ClCompile>
    <ClCompile Include="..\Snt.cpp">
      <Filter>Unitex-C++</Filter>
    </ClCompile>
    <ClCompile Include="..\SortTxt.cpp">
      <Filter>Unitex-C++</Filter>
    </ClCompile>
    <ClCompile Include="..\SpellCheck.cpp">
      <Filter>Unitex-C++</Filter>
    </ClCompile>
    <ClCompile Include="..\SpellChecking.cpp">
      <Filter>Unitex-C++</Filter>
    </ClCompile>
    <ClCompile Include="..\Stack_int.cpp">
      <Filter>Unitex-C++</Filter>
    </ClCompile>
    <ClCompile Include="..\Stack_pointer.cpp">
      <Filter>Unitex-C++</Filter>
    </ClCompile>
    <ClCompile Include="..\Stack_unichar.cpp">
      <Filter>Unitex-C++</Filter>
    </ClCompile>
    <ClCompile Include="..\Stats.cpp">
      <Filter>Unitex-C++</Filter>
    </ClCompile>
    <ClCompile Include="Stdafx.cpp">
      <Filter>Unitex-C++</Filter>
    </ClCompile>
    <ClCompile Include="..\String_hash.cpp">
      <Filter>Unitex-C++</Filter>
    </ClCompile>
    <ClCompile Include="..\StringParsing.cpp">
      <Filter>Unitex-C++</Filter>
    </ClCompile>
    <ClCompile Include="..\Symbol.cpp">
      <Filter>Unitex-C++</Filter>
    </ClCompile>
    <ClCompile Include="..\Symbol_op.cpp">
      <Filter>Unitex-C++</Filter>
    </ClCompile>
    <ClCompile Include="..\SymbolAlphabet.cpp">
      <Filter>Unitex-C++</Filter>
    </ClCompile>
    <ClCompile Include="..\SyncToolWin.cpp">
      <Filter>Unitex-C++</Filter>
    </ClCompile>
    <ClCompile Include="..\Table2Grf.cpp">
      <Filter>Unitex-C++</Filter>
    </ClCompile>
    <ClCompile Include="..\Tagger.cpp">
      <Filter>Unitex-C++</Filter>
    </ClCompile>
    <ClCompile Include="..\TaggingProcess.cpp">
      <Filter>Unitex-C++</Filter>
    </ClCompile>
    <ClCompile Include="..\Tagset.cpp">
      <Filter>Unitex-C++</Filter>
    </ClCompile>
    <ClCompile Include="..\TagsetNormTfst.cpp">
      <Filter>Unitex-C++</Filter>
    </ClCompile>
    <ClCompile Include="..\TEI2Txt.cpp">
      <Filter>Unitex-C++</Filter>
    </ClCompile>
    <ClCompile Include="..\Test_lib.cpp">
      <Filter>Unitex-C++</Filter>
    </ClCompile>
    <ClCompile Include="..\Text_parsing.cpp">
      <Filter>Unitex-C++</Filter>
    </ClCompile>
    <ClCompile Include="..\Text_tokens.cpp">
      <Filter>Unitex-C++</Filter>
    </ClCompile>
    <ClCompile Include="..\Tfst.cpp">
      <Filter>Unitex-C++</Filter>
    </ClCompile>
    <ClCompile Include="..\Tfst2Grf.cpp">
      <Filter>Unitex-C++</Filter>
    </ClCompile>
    <ClCompile Include="..\Tfst2Unambig.cpp">
      <Filter>Unitex-C++</Filter>
    </ClCompile>
    <ClCompile Include="..\TfstStats.cpp">
      <Filter>Unitex-C++</Filter>
    </ClCompile>
    <ClCompile Include="..\TfstTag.cpp">
      <Filter>Unitex-C++</Filter>
    </ClCompile>
    <ClCompile Include="..\Thai.cpp">
      <Filter>Unitex-C++</Filter>
    </ClCompile>
    <ClCompile Include="..\Tokenization.cpp">
      <Filter>Unitex-C++</Filter>
    </ClCompile>
    <ClCompile Include="..\Tokenize.cpp">
      <Filter>Unitex-C++</Filter>
    </ClCompile>
    <ClCompile Include="..\TrainingProcess.cpp">
      <Filter>Unitex-C++</Filter>
    </ClCompile>
    <ClCompile Include="..\TrainingTagger.cpp">
      <Filter>Unitex-C++</Filter>
    </ClCompile>
    <ClCompile Include="..\TransductionStack.cpp">
      <Filter>Unitex-C++</Filter>
    </ClCompile>
    <ClCompile Include="..\TransductionStackTfst.cpp">
      <Filter>Unitex-C++</Filter>
    </ClCompile>
    <ClCompile Include="..\TransductionVariables.cpp">
      <Filter>Unitex-C++</Filter>
    </ClCompile>
    <ClCompile Include="..\Transitions.cpp">
      <Filter>Unitex-C++</Filter>
    </ClCompile>
    <ClCompile Include="..\Txt2Tfst.cpp">
      <Filter>Unitex-C++</Filter>
    </ClCompile>
    <ClCompile Include="..\Uncompress.cpp">
      <Filter>Unitex-C++</Filter>
    </ClCompile>
    <ClCompile Include="..\Unicode.cpp">
      <Filter>Unitex-C++</Filter>
    </ClCompile>
    <ClCompile Include="..\UnitexGetOpt.cpp">
      <Filter>Unitex-C++</Filter>
    </ClCompile>
    <ClCompile Include="..\UnitexLibDirWin.cpp">
      <Filter>Unitex-C++</Filter>
    </ClCompile>
    <ClCompile Include="..\UnitexLibIO.cpp">
      <Filter>Unitex-C++</Filter>
    </ClCompile>
    <ClCompile Include="..\UnitexRevisionInfo.cpp">
      <Filter>Unitex-C++</Filter>
    </ClCompile>
    <ClCompile Include="..\UnitexTool.cpp">
      <Filter>Unitex-C++</Filter>
    </ClCompile>
    <ClCompile Include="..\Untokenize.cpp">
      <Filter>Unitex-C++</Filter>
    </ClCompile>
    <ClCompile Include="..\Unxmlize.cpp">
      <Filter>Unitex-C++</Filter>
    </ClCompile>
    <ClCompile Include="..\UserCancelling.cpp">
      <Filter>Unitex-C++</Filter>
    </ClCompile>
    <ClCompile Include="..\Ustring.cpp">
      <Filter>Unitex-C++</Filter>
    </ClCompile>
    <ClCompile Include="..\VariableUtils.cpp">
      <Filter>Unitex-C++</Filter>
    </ClCompile>
    <ClCompile Include="..\VersionInfo.cpp">
      <Filter>Unitex-C++</Filter>
    </ClCompile>
    <ClCompile Include="..\VirtualFiles.cpp">
      <Filter>Unitex-C++</Filter>
    </ClCompile>
    <ClCompile Include="..\Xml.cpp">
      <Filter>Unitex-C++</Filter>
    </ClCompile>
    <ClCompile Include="..\XMLizer.cpp">
      <Filter>Unitex-C++</Filter>
    </ClCompile>
    <ClCompile Include="..\tre-0.8.0\lib\regcomp.c">
      <Filter>Unitex-C++\TreLib</Filter>
    </ClCompile>
    <ClCompile Include="..\tre-0.8.0\lib\regerror.c">
      <Filter>Unitex-C++\TreLib</Filter>
    </ClCompile>
    <ClCompile Include="..\tre-0.8.0\lib\regexec.c">
      <Filter>Unitex-C++\TreLib</Filter>
    </ClCompile>
    <ClCompile Include="..\tre-0.8.0\lib\tre-ast.c">
      <Filter>Unitex-C++\TreLib</Filter>
    </ClCompile>
    <ClCompile Include="..\tre-0.8.0\lib\tre-compile.c">
      <Filter>Unitex-C++\TreLib</Filter>
    </ClCompile>
    <ClCompile Include="..\tre-0.8.0\lib\tre-match-approx.c">
      <Filter>Unitex-C++\TreLib</Filter>
    </ClCompile>
    <ClCompile Include="..\tre-0.8.0\lib\tre-match-backtrack.c">
      <Filter>Unitex-C++\TreLib</Filter>
    </ClCompile>
    <ClCompile Include="..\tre-0.8.0\lib\tre-match-parallel.c">
      <Filter>Unitex-C++\TreLib</Filter>
    </ClCompile>
    <ClCompile Include="..\tre-0.8.0\lib\tre-mem.c">
      <Filter>Unitex-C++\TreLib</Filter>
    </ClCompile>
    <ClCompile Include="..\tre-0.8.0\lib\tre-parse.c">
      <Filter>Unitex-C++\TreLib</Filter>
    </ClCompile>
    <ClCompile Include="..\tre-0.8.0\lib\tre-stack.c">
      <Filter>Unitex-C++\TreLib</Filter>
    </ClCompile>
    <ClCompile Include="..\tre-0.8.0\lib\xmalloc.c">
      <Filter>Unitex-C++\TreLib</Filter>
    </ClCompile>
    <ClCompile Include="..\logger\FilePack.cpp">
      <Filter>Unitex-C++\logger</Filter>
    </ClCompile>
    <ClCompile Include="..\logger\FilePackCrc32.cpp">
      <Filter>Unitex-C++\logger</Filter>
    </ClCompile>
    <ClCompile Include="..\logger\FilePackIo.cpp">
      <Filter>Unitex-C++\logger</Filter>
    </ClCompile>
    <ClCompile Include="..\logger\FileUnPack.cpp">
      <Filter>Unitex-C++\logger</Filter>
    </ClCompile>
    <ClCompile Include="..\logger\MzRepairUlp.cpp">
      <Filter>Unitex-C++\logger</Filter>
    </ClCompile>
    <ClCompile Include="..\logger\MzToolsUlp.cpp">
      <Filter>Unitex-C++\logger</Filter>
    </ClCompile>
    <ClCompile Include="..\logger\PackFile.cpp">
      <Filter>Unitex-C++\logger</Filter>
    </ClCompile>
    <ClCompile Include="..\logger\PackFileTool.cpp">
      <Filter>Unitex-C++\logger</Filter>
    </ClCompile>
    <ClCompile Include="..\logger\ReworkArg.cpp">
      <Filter>Unitex-C++\logger</Filter>
    </ClCompile>
    <ClCompile Include="..\logger\SyncLoggerWin.cpp">
      <Filter>Unitex-C++\logger</Filter>
    </ClCompile>
    <ClCompile Include="..\logger\UniLogger.cpp">
      <Filter>Unitex-C++\logger</Filter>
    </ClCompile>
    <ClCompile Include="..\logger\UniLoggerAutoInstall.cpp">
      <Filter>Unitex-C++\logger</Filter>
    </ClCompile>
    <ClCompile Include="..\logger\UniRunLogger.cpp">
      <Filter>Unitex-C++\logger</Filter>
    </ClCompile>
    <ClCompile Include="..\logger\UnpackFile.cpp">
      <Filter>Unitex-C++\logger</Filter>
    </ClCompile>
    <ClCompile Include="..\logger\UnpackFileTool.cpp">
      <Filter>Unitex-C++\logger</Filter>
    </ClCompile>
    <ClCompile Include="UnitexNet.cpp">
      <Filter>Fichiers sources</Filter>
    </ClCompile>
    <ClCompile Include="AssemblyInfo.cpp">
      <Filter>Fichiers sources</Filter>
    </ClCompile>
    <ClCompile Include="..\Copyright.cpp">
      <Filter>Unitex-C++</Filter>
    </ClCompile>
    <ClCompile Include="..\DumpOffsets.cpp">
      <Filter>Unitex-C++</Filter>
    </ClCompile>
    <ClCompile Include="..\logger\InstallLingResourcePackage.cpp">
      <Filter>Unitex-C++\logger</Filter>
    </ClCompile>
    <ClCompile Include="..\logger\LingResourcePackage.cpp">
      <Filter>Unitex-C++\logger</Filter>
    </ClCompile>
    <ClCompile Include="..\logger\RunTools.cpp">
      <Filter>Unitex-C++\logger</Filter>
    </ClCompile>
    <ClCompile Include="..\logger\UniRunScript.cpp">
      <Filter>Unitex-C++\logger</Filter>
    </ClCompile>
    <ClCompile Include="..\yaml-0.1.6\src\api.c">
      <Filter>Unitex-C++\yaml-0.1.6\src</Filter>
    </ClCompile>
    <ClCompile Include="..\yaml-0.1.6\src\dumper.c">
      <Filter>Unitex-C++\yaml-0.1.6\src</Filter>
    </ClCompile>
    <ClCompile Include="..\yaml-0.1.6\src\emitter.c">
      <Filter>Unitex-C++\yaml-0.1.6\src</Filter>
    </ClCompile>
    <ClCompile Include="..\yaml-0.1.6\src\loader.c">
      <Filter>Unitex-C++\yaml-0.1.6\src</Filter>
    </ClCompile>
    <ClCompile Include="..\yaml-0.1.6\src\parser.c">
      <Filter>Unitex-C++\yaml-0.1.6\src</Filter>
    </ClCompile>
    <ClCompile Include="..\yaml-0.1.6\src\reader.c">
      <Filter>Unitex-C++\yaml-0.1.6\src</Filter>
    </ClCompile>
    <ClCompile Include="..\yaml-0.1.6\src\scanner.c">
      <Filter>Unitex-C++\yaml-0.1.6\src</Filter>
    </ClCompile>
    <ClCompile Include="..\yaml-0.1.6\src\writer.c">
      <Filter>Unitex-C++\yaml-0.1.6\src</Filter>
    </ClCompile>
    <ClCompile Include="..\PersistResource.cpp">
      <Filter>Unitex-C++</Filter>
    </ClCompile>
  </ItemGroup>
  <ItemGroup>
    <Text Include="ReadMe.txt" />
  </ItemGroup>
  <ItemGroup>
    <ResourceCompile Include="app.rc">
      <Filter>Fichiers de ressources</Filter>
    </ResourceCompile>
  </ItemGroup>
  <ItemGroup>
    <Image Include="app.ico">
      <Filter>Fichiers de ressources</Filter>
    </Image>
  </ItemGroup>
</Project>